
Microsoft Visual Studio Solution File, Format Version 12.00
# Visual Studio Version 17
VisualStudioVersion = 17.1.32210.238
MinimumVisualStudioVersion = 10.0.40219.1
Project("{2150E333-8FDC-42A3-9474-1A3956D46DE8}") = "1 - Service", "1 - Service", "{87B1B4CE-BBF9-4490-BC82-558CCAF9AD2B}"
EndProject
Project("{2150E333-8FDC-42A3-9474-1A3956D46DE8}") = "2 - Infra", "2 - Infra", "{5EF35419-2026-489F-B7A1-FBC2B6B9F2BC}"
EndProject
Project("{2150E333-8FDC-42A3-9474-1A3956D46DE8}") = "3 - Domain", "3 - Domain", "{32B87975-2E23-46D0-8F60-BF96FB7B8C31}"
EndProject
Project("{9A19103F-16F7-4668-BE54-9A1E7A4F7556}") = "SLA.Domain", "SLA.Domain\SLA.Domain.csproj", "{3F289DB3-DAA5-49B9-A67D-23A788283733}"
EndProject
Project("{9A19103F-16F7-4668-BE54-9A1E7A4F7556}") = "SLA.Service", "SLA.Service\SLA.Service.csproj", "{C0A17E4C-F488-4AA2-8C7A-F0D2D1E22F32}"
EndProject
Project("{2150E333-8FDC-42A3-9474-1A3956D46DE8}") = "Solution Items", "Solution Items", "{8BFC8192-5877-40AB-A930-F7584CE0BA9A}"
	ProjectSection(SolutionItems) = preProject
		.editorconfig = .editorconfig
	EndProjectSection
EndProject
Project("{2150E333-8FDC-42A3-9474-1A3956D46DE8}") = "4 - Tests", "4 - Tests", "{E0973E89-49B0-4EE9-8135-4C3B950809C8}"
EndProject
Project("{2150E333-8FDC-42A3-9474-1A3956D46DE8}") = "5 - AppTest", "5 - AppTest", "{E34EDAB4-3A0C-434B-ACFA-E9A071A10AB4}"
EndProject
Project("{9A19103F-16F7-4668-BE54-9A1E7A4F7556}") = "SLA.AppTest", "SLA.AppTest\SLA.AppTest.csproj", "{7AD3B556-BED0-49BB-8C8B-C55E11B4B6F7}"
EndProject
Project("{2150E333-8FDC-42A3-9474-1A3956D46DE8}") = "2.1 - SQL", "2.1 - SQL", "{D332648A-E72F-432A-8E1F-6FCB3AF9A3F7}"
EndProject
Project("{2150E333-8FDC-42A3-9474-1A3956D46DE8}") = "2.2 - NoSQL", "2.2 - NoSQL", "{B358223E-5C38-4E6B-ACFB-913FB58602AB}"
EndProject
Project("{2150E333-8FDC-42A3-9474-1A3956D46DE8}") = "2.1.1 - PostgresSQL", "2.1.1 - PostgresSQL", "{6D777C06-E481-47E5-A6B9-B2F4BBD1A144}"
EndProject
Project("{9A19103F-16F7-4668-BE54-9A1E7A4F7556}") = "SLA.Infra.PostgreSQL", "SLA.Infra.PostgreSQL\SLA.Infra.PostgreSQL.csproj", "{DB9BF241-BDC1-4789-8B1F-AAC75C628E71}"
EndProject
Project("{2150E333-8FDC-42A3-9474-1A3956D46DE8}") = "2.2.1 - MongoDB", "2.2.1 - MongoDB", "{98B4E864-43B2-4DB5-93E2-3D9D78841BC4}"
EndProject
Project("{9A19103F-16F7-4668-BE54-9A1E7A4F7556}") = "SLA.Infra.MongoNoSQL", "SLA.Infra.MongoDB\SLA.Infra.MongoNoSQL.csproj", "{9E798DA7-B45B-4CD8-AAF6-3114F5064285}"
EndProject
Project("{2150E333-8FDC-42A3-9474-1A3956D46DE8}") = "2.1.2 - Oracle", "2.1.2 - Oracle", "{A977784F-0CBC-4155-B499-030212B61280}"
EndProject
Project("{FAE04EC0-301F-11D3-BF4B-00C04F79EFBC}") = "SLA.Infra.Oracle", "SLA.Infra.Oracle\SLA.Infra.Oracle.csproj", "{F13A201E-87C3-4FF0-8E65-4E680328EF22}"
EndProject
Global
	GlobalSection(SolutionConfigurationPlatforms) = preSolution
		Debug|Any CPU = Debug|Any CPU
		Release|Any CPU = Release|Any CPU
	EndGlobalSection
	GlobalSection(ProjectConfigurationPlatforms) = postSolution
		{3F289DB3-DAA5-49B9-A67D-23A788283733}.Debug|Any CPU.ActiveCfg = Debug|Any CPU
		{3F289DB3-DAA5-49B9-A67D-23A788283733}.Debug|Any CPU.Build.0 = Debug|Any CPU
		{3F289DB3-DAA5-49B9-A67D-23A788283733}.Release|Any CPU.ActiveCfg = Release|Any CPU
		{3F289DB3-DAA5-49B9-A67D-23A788283733}.Release|Any CPU.Build.0 = Release|Any CPU
		{C0A17E4C-F488-4AA2-8C7A-F0D2D1E22F32}.Debug|Any CPU.ActiveCfg = Debug|Any CPU
		{C0A17E4C-F488-4AA2-8C7A-F0D2D1E22F32}.Debug|Any CPU.Build.0 = Debug|Any CPU
		{C0A17E4C-F488-4AA2-8C7A-F0D2D1E22F32}.Release|Any CPU.ActiveCfg = Release|Any CPU
		{C0A17E4C-F488-4AA2-8C7A-F0D2D1E22F32}.Release|Any CPU.Build.0 = Release|Any CPU
		{7AD3B556-BED0-49BB-8C8B-C55E11B4B6F7}.Debug|Any CPU.ActiveCfg = Debug|Any CPU
		{7AD3B556-BED0-49BB-8C8B-C55E11B4B6F7}.Debug|Any CPU.Build.0 = Debug|Any CPU
		{7AD3B556-BED0-49BB-8C8B-C55E11B4B6F7}.Release|Any CPU.ActiveCfg = Release|Any CPU
		{7AD3B556-BED0-49BB-8C8B-C55E11B4B6F7}.Release|Any CPU.Build.0 = Release|Any CPU
		{DB9BF241-BDC1-4789-8B1F-AAC75C628E71}.Debug|Any CPU.ActiveCfg = Debug|Any CPU
		{DB9BF241-BDC1-4789-8B1F-AAC75C628E71}.Debug|Any CPU.Build.0 = Debug|Any CPU
		{DB9BF241-BDC1-4789-8B1F-AAC75C628E71}.Release|Any CPU.ActiveCfg = Release|Any CPU
		{DB9BF241-BDC1-4789-8B1F-AAC75C628E71}.Release|Any CPU.Build.0 = Release|Any CPU
		{9E798DA7-B45B-4CD8-AAF6-3114F5064285}.Debug|Any CPU.ActiveCfg = Debug|Any CPU
		{9E798DA7-B45B-4CD8-AAF6-3114F5064285}.Debug|Any CPU.Build.0 = Debug|Any CPU
		{9E798DA7-B45B-4CD8-AAF6-3114F5064285}.Release|Any CPU.ActiveCfg = Release|Any CPU
		{9E798DA7-B45B-4CD8-AAF6-3114F5064285}.Release|Any CPU.Build.0 = Release|Any CPU
		{F13A201E-87C3-4FF0-8E65-4E680328EF22}.Debug|Any CPU.ActiveCfg = Debug|Any CPU
		{F13A201E-87C3-4FF0-8E65-4E680328EF22}.Debug|Any CPU.Build.0 = Debug|Any CPU
		{F13A201E-87C3-4FF0-8E65-4E680328EF22}.Release|Any CPU.ActiveCfg = Release|Any CPU
		{F13A201E-87C3-4FF0-8E65-4E680328EF22}.Release|Any CPU.Build.0 = Release|Any CPU
	EndGlobalSection
	GlobalSection(SolutionProperties) = preSolution
		HideSolutionNode = FALSE
	EndGlobalSection
	GlobalSection(NestedProjects) = preSolution
		{3F289DB3-DAA5-49B9-A67D-23A788283733} = {32B87975-2E23-46D0-8F60-BF96FB7B8C31}
		{C0A17E4C-F488-4AA2-8C7A-F0D2D1E22F32} = {87B1B4CE-BBF9-4490-BC82-558CCAF9AD2B}
		{7AD3B556-BED0-49BB-8C8B-C55E11B4B6F7} = {E34EDAB4-3A0C-434B-ACFA-E9A071A10AB4}
		{D332648A-E72F-432A-8E1F-6FCB3AF9A3F7} = {5EF35419-2026-489F-B7A1-FBC2B6B9F2BC}
		{B358223E-5C38-4E6B-ACFB-913FB58602AB} = {5EF35419-2026-489F-B7A1-FBC2B6B9F2BC}
		{6D777C06-E481-47E5-A6B9-B2F4BBD1A144} = {D332648A-E72F-432A-8E1F-6FCB3AF9A3F7}
		{DB9BF241-BDC1-4789-8B1F-AAC75C628E71} = {6D777C06-E481-47E5-A6B9-B2F4BBD1A144}
		{98B4E864-43B2-4DB5-93E2-3D9D78841BC4} = {B358223E-5C38-4E6B-ACFB-913FB58602AB}
		{9E798DA7-B45B-4CD8-AAF6-3114F5064285} = {98B4E864-43B2-4DB5-93E2-3D9D78841BC4}
		{A977784F-0CBC-4155-B499-030212B61280} = {D332648A-E72F-432A-8E1F-6FCB3AF9A3F7}
		{F13A201E-87C3-4FF0-8E65-4E680328EF22} = {A977784F-0CBC-4155-B499-030212B61280}
	EndGlobalSection
	GlobalSection(ExtensibilityGlobals) = postSolution
		SolutionGuid = {7454D6CD-61C9-4FD3-BA3C-427AA00285BA}
	EndGlobalSection
EndGlobal
